// !$*UTF8*$!
{
	archiveVersion = 1;
	classes = {
	};
	objectVersion = 51;
	objects = {

/* Begin PBXBuildFile section */
		5AB379AC24E7DC230069C36D /* AppDelegate.swift in Sources */ = {isa = PBXBuildFile; fileRef = 5AB379AB24E7DC220069C36D /* AppDelegate.swift */; };
		5AB379AE24E7DC230069C36D /* SceneDelegate.swift in Sources */ = {isa = PBXBuildFile; fileRef = 5AB379AD24E7DC230069C36D /* SceneDelegate.swift */; };
		5AB379B024E7DC230069C36D /* ViewController.swift in Sources */ = {isa = PBXBuildFile; fileRef = 5AB379AF24E7DC230069C36D /* ViewController.swift */; };
		5AB379B324E7DC230069C36D /* Main.storyboard in Resources */ = {isa = PBXBuildFile; fileRef = 5AB379B124E7DC230069C36D /* Main.storyboard */; };
		5AB379B524E7DC290069C36D /* Assets.xcassets in Resources */ = {isa = PBXBuildFile; fileRef = 5AB379B424E7DC290069C36D /* Assets.xcassets */; };
		5AB379B824E7DC290069C36D /* LaunchScreen.storyboard in Resources */ = {isa = PBXBuildFile; fileRef = 5AB379B624E7DC290069C36D /* LaunchScreen.storyboard */; };
		5AB379C024E7DF150069C36D /* ChatListViewController.swift in Sources */ = {isa = PBXBuildFile; fileRef = 5AB379BF24E7DF150069C36D /* ChatListViewController.swift */; };
		5AB379C324E7EB630069C36D /* ChatListCell.swift in Sources */ = {isa = PBXBuildFile; fileRef = 5AB379C124E7EB630069C36D /* ChatListCell.swift */; };
		5AB379C424E7EB630069C36D /* ChatListCell.xib in Resources */ = {isa = PBXBuildFile; fileRef = 5AB379C224E7EB630069C36D /* ChatListCell.xib */; };
		5AB379C624E895E90069C36D /* UIcolorExtension.swift in Sources */ = {isa = PBXBuildFile; fileRef = 5AB379C524E895E90069C36D /* UIcolorExtension.swift */; };
		5AB379C824E899460069C36D /* ChatRoomViewController.swift in Sources */ = {isa = PBXBuildFile; fileRef = 5AB379C724E899460069C36D /* ChatRoomViewController.swift */; };
		5AB379CD24E89D0B0069C36D /* ChatRoomCell.swift in Sources */ = {isa = PBXBuildFile; fileRef = 5AB379CB24E89D0B0069C36D /* ChatRoomCell.swift */; };
		5AB379CE24E89D0B0069C36D /* ChatRoomCell.xib in Resources */ = {isa = PBXBuildFile; fileRef = 5AB379CC24E89D0B0069C36D /* ChatRoomCell.xib */; };
		5AB379D424E8A8060069C36D /* ChatInputAccessoryView.xib in Resources */ = {isa = PBXBuildFile; fileRef = 5AB379D324E8A8060069C36D /* ChatInputAccessoryView.xib */; };
		5AB379D824E8A9C10069C36D /* ChatInputAccessoryView.swift in Sources */ = {isa = PBXBuildFile; fileRef = 5AB379D724E8A9C10069C36D /* ChatInputAccessoryView.swift */; };
		5AFB7CB424E8D61800A56F42 /* GoogleService-Info.plist in Resources */ = {isa = PBXBuildFile; fileRef = 5AFB7CB324E8D61800A56F42 /* GoogleService-Info.plist */; };
		5AFB7CB624E8DDB400A56F42 /* SingUpViewController.swift in Sources */ = {isa = PBXBuildFile; fileRef = 5AFB7CB524E8DDB400A56F42 /* SingUpViewController.swift */; };
		5AFB7CB824E9292500A56F42 /* SignUp.storyboard in Resources */ = {isa = PBXBuildFile; fileRef = 5AFB7CB724E9292500A56F42 /* SignUp.storyboard */; };
		5AFB7CBB24E92B6800A56F42 /* User.swift in Sources */ = {isa = PBXBuildFile; fileRef = 5AFB7CBA24E92B6800A56F42 /* User.swift */; };
		5AFB7CBD24E9354B00A56F42 /* UserList.storyboard in Resources */ = {isa = PBXBuildFile; fileRef = 5AFB7CBC24E9354B00A56F42 /* UserList.storyboard */; };
		5AFB7CBF24E935A900A56F42 /* UserListViewController.swift in Sources */ = {isa = PBXBuildFile; fileRef = 5AFB7CBE24E935A900A56F42 /* UserListViewController.swift */; };
		ED8510745016B99169FF1EEB /* Pods_swift5LineChatApp1.framework in Frameworks */ = {isa = PBXBuildFile; fileRef = D95F8D19DA0F4C6440A76FD7 /* Pods_swift5LineChatApp1.framework */; };
/* End PBXBuildFile section */

/* Begin PBXFileReference section */
		5AB379A824E7DC220069C36D /* swift5LineChatApp1.app */ = {isa = PBXFileReference; explicitFileType = wrapper.application; includeInIndex = 0; path = swift5LineChatApp1.app; sourceTree = BUILT_PRODUCTS_DIR; };
		5AB379AB24E7DC220069C36D /* AppDelegate.swift */ = {isa = PBXFileReference; lastKnownFileType = sourcecode.swift; path = AppDelegate.swift; sourceTree = "<group>"; };
		5AB379AD24E7DC230069C36D /* SceneDelegate.swift */ = {isa = PBXFileReference; lastKnownFileType = sourcecode.swift; path = SceneDelegate.swift; sourceTree = "<group>"; };
		5AB379AF24E7DC230069C36D /* ViewController.swift */ = {isa = PBXFileReference; lastKnownFileType = sourcecode.swift; path = ViewController.swift; sourceTree = "<group>"; };
		5AB379B224E7DC230069C36D /* Base */ = {isa = PBXFileReference; lastKnownFileType = file.storyboard; name = Base; path = Base.lproj/Main.storyboard; sourceTree = "<group>"; };
		5AB379B424E7DC290069C36D /* Assets.xcassets */ = {isa = PBXFileReference; lastKnownFileType = folder.assetcatalog; path = Assets.xcassets; sourceTree = "<group>"; };
		5AB379B724E7DC290069C36D /* Base */ = {isa = PBXFileReference; lastKnownFileType = file.storyboard; name = Base; path = Base.lproj/LaunchScreen.storyboard; sourceTree = "<group>"; };
		5AB379B924E7DC2A0069C36D /* Info.plist */ = {isa = PBXFileReference; lastKnownFileType = text.plist.xml; path = Info.plist; sourceTree = "<group>"; };
		5AB379BF24E7DF150069C36D /* ChatListViewController.swift */ = {isa = PBXFileReference; lastKnownFileType = sourcecode.swift; path = ChatListViewController.swift; sourceTree = "<group>"; };
		5AB379C124E7EB630069C36D /* ChatListCell.swift */ = {isa = PBXFileReference; lastKnownFileType = sourcecode.swift; path = ChatListCell.swift; sourceTree = "<group>"; };
		5AB379C224E7EB630069C36D /* ChatListCell.xib */ = {isa = PBXFileReference; lastKnownFileType = file.xib; path = ChatListCell.xib; sourceTree = "<group>"; };
		5AB379C524E895E90069C36D /* UIcolorExtension.swift */ = {isa = PBXFileReference; lastKnownFileType = sourcecode.swift; path = UIcolorExtension.swift; sourceTree = "<group>"; };
		5AB379C724E899460069C36D /* ChatRoomViewController.swift */ = {isa = PBXFileReference; lastKnownFileType = sourcecode.swift; path = ChatRoomViewController.swift; sourceTree = "<group>"; };
		5AB379CB24E89D0B0069C36D /* ChatRoomCell.swift */ = {isa = PBXFileReference; lastKnownFileType = sourcecode.swift; path = ChatRoomCell.swift; sourceTree = "<group>"; };
		5AB379CC24E89D0B0069C36D /* ChatRoomCell.xib */ = {isa = PBXFileReference; lastKnownFileType = file.xib; path = ChatRoomCell.xib; sourceTree = "<group>"; };
		5AB379D324E8A8060069C36D /* ChatInputAccessoryView.xib */ = {isa = PBXFileReference; lastKnownFileType = file.xib; path = ChatInputAccessoryView.xib; sourceTree = "<group>"; };
		5AB379D724E8A9C10069C36D /* ChatInputAccessoryView.swift */ = {isa = PBXFileReference; lastKnownFileType = sourcecode.swift; path = ChatInputAccessoryView.swift; sourceTree = "<group>"; };
		5AFB7CB324E8D61800A56F42 /* GoogleService-Info.plist */ = {isa = PBXFileReference; fileEncoding = 4; lastKnownFileType = text.plist.xml; path = "GoogleService-Info.plist"; sourceTree = "<group>"; };
		5AFB7CB524E8DDB400A56F42 /* SingUpViewController.swift */ = {isa = PBXFileReference; lastKnownFileType = sourcecode.swift; path = SingUpViewController.swift; sourceTree = "<group>"; };
		5AFB7CB724E9292500A56F42 /* SignUp.storyboard */ = {isa = PBXFileReference; lastKnownFileType = file.storyboard; path = SignUp.storyboard; sourceTree = "<group>"; };
		5AFB7CBA24E92B6800A56F42 /* User.swift */ = {isa = PBXFileReference; lastKnownFileType = sourcecode.swift; path = User.swift; sourceTree = "<group>"; };
		5AFB7CBC24E9354B00A56F42 /* UserList.storyboard */ = {isa = PBXFileReference; lastKnownFileType = file.storyboard; path = UserList.storyboard; sourceTree = "<group>"; };
		5AFB7CBE24E935A900A56F42 /* UserListViewController.swift */ = {isa = PBXFileReference; lastKnownFileType = sourcecode.swift; path = UserListViewController.swift; sourceTree = "<group>"; };
		71EAE6CF2FF139E2878F1F72 /* Pods-swift5LineChatApp1.release.xcconfig */ = {isa = PBXFileReference; includeInIndex = 1; lastKnownFileType = text.xcconfig; name = "Pods-swift5LineChatApp1.release.xcconfig"; path = "Target Support Files/Pods-swift5LineChatApp1/Pods-swift5LineChatApp1.release.xcconfig"; sourceTree = "<group>"; };
		D95F8D19DA0F4C6440A76FD7 /* Pods_swift5LineChatApp1.framework */ = {isa = PBXFileReference; explicitFileType = wrapper.framework; includeInIndex = 0; path = Pods_swift5LineChatApp1.framework; sourceTree = BUILT_PRODUCTS_DIR; };
		F13AFF897246B912B3A356EB /* Pods-swift5LineChatApp1.debug.xcconfig */ = {isa = PBXFileReference; includeInIndex = 1; lastKnownFileType = text.xcconfig; name = "Pods-swift5LineChatApp1.debug.xcconfig"; path = "Target Support Files/Pods-swift5LineChatApp1/Pods-swift5LineChatApp1.debug.xcconfig"; sourceTree = "<group>"; };
/* End PBXFileReference section */

/* Begin PBXFrameworksBuildPhase section */
		5AB379A524E7DC220069C36D /* Frameworks */ = {
			isa = PBXFrameworksBuildPhase;
			buildActionMask = 2147483647;
			files = (
				ED8510745016B99169FF1EEB /* Pods_swift5LineChatApp1.framework in Frameworks */,
			);
			runOnlyForDeploymentPostprocessing = 0;
		};
/* End PBXFrameworksBuildPhase section */

/* Begin PBXGroup section */
		130D3B49763814F8B5098424 /* Pods */ = {
			isa = PBXGroup;
			children = (
				F13AFF897246B912B3A356EB /* Pods-swift5LineChatApp1.debug.xcconfig */,
				71EAE6CF2FF139E2878F1F72 /* Pods-swift5LineChatApp1.release.xcconfig */,
			);
			path = Pods;
			sourceTree = "<group>";
		};
		5AB3799F24E7DC220069C36D = {
			isa = PBXGroup;
			children = (
				5AB379AA24E7DC220069C36D /* swift5LineChatApp1 */,
				5AB379A924E7DC220069C36D /* Products */,
				130D3B49763814F8B5098424 /* Pods */,
				C949E405EAD6911A96658EF8 /* Frameworks */,
			);
			sourceTree = "<group>";
		};
		5AB379A924E7DC220069C36D /* Products */ = {
			isa = PBXGroup;
			children = (
				5AB379A824E7DC220069C36D /* swift5LineChatApp1.app */,
			);
			name = Products;
			sourceTree = "<group>";
		};
		5AB379AA24E7DC220069C36D /* swift5LineChatApp1 */ = {
			isa = PBXGroup;
			children = (
				5AB379D224E8A7C30069C36D /* Views */,
				5AB379D124E8A79A0069C36D /* Controller */,
				5AB379D024E8A7780069C36D /* Model */,
				5AB379CF24E8A7660069C36D /* xibs */,
				5AB379AB24E7DC220069C36D /* AppDelegate.swift */,
				5AB379AD24E7DC230069C36D /* SceneDelegate.swift */,
				5AB379B424E7DC290069C36D /* Assets.xcassets */,
				5AB379B624E7DC290069C36D /* LaunchScreen.storyboard */,
				5AB379B924E7DC2A0069C36D /* Info.plist */,
				5AFB7CB324E8D61800A56F42 /* GoogleService-Info.plist */,
			);
			path = swift5LineChatApp1;
			sourceTree = "<group>";
		};
		5AB379CF24E8A7660069C36D /* xibs */ = {
			isa = PBXGroup;
			children = (
				5AB379CC24E89D0B0069C36D /* ChatRoomCell.xib */,
				5AB379C224E7EB630069C36D /* ChatListCell.xib */,
				5AB379D324E8A8060069C36D /* ChatInputAccessoryView.xib */,
			);
			path = xibs;
			sourceTree = "<group>";
		};
		5AB379D024E8A7780069C36D /* Model */ = {
			isa = PBXGroup;
			children = (
				5AB379CB24E89D0B0069C36D /* ChatRoomCell.swift */,
				5AB379C124E7EB630069C36D /* ChatListCell.swift */,
				5AB379C524E895E90069C36D /* UIcolorExtension.swift */,
				5AFB7CBA24E92B6800A56F42 /* User.swift */,
			);
			path = Model;
			sourceTree = "<group>";
		};
		5AB379D124E8A79A0069C36D /* Controller */ = {
			isa = PBXGroup;
			children = (
				5AB379BF24E7DF150069C36D /* ChatListViewController.swift */,
				5AB379C724E899460069C36D /* ChatRoomViewController.swift */,
				5AB379AF24E7DC230069C36D /* ViewController.swift */,
				5AB379D724E8A9C10069C36D /* ChatInputAccessoryView.swift */,
				5AFB7CB524E8DDB400A56F42 /* SingUpViewController.swift */,
				5AFB7CBE24E935A900A56F42 /* UserListViewController.swift */,
			);
			path = Controller;
			sourceTree = "<group>";
		};
		5AB379D224E8A7C30069C36D /* Views */ = {
			isa = PBXGroup;
			children = (
				5AB379B124E7DC230069C36D /* Main.storyboard */,
				5AFB7CB724E9292500A56F42 /* SignUp.storyboard */,
				5AFB7CBC24E9354B00A56F42 /* UserList.storyboard */,
			);
			path = Views;
			sourceTree = "<group>";
		};
		C949E405EAD6911A96658EF8 /* Frameworks */ = {
			isa = PBXGroup;
			children = (
				D95F8D19DA0F4C6440A76FD7 /* Pods_swift5LineChatApp1.framework */,
			);
			name = Frameworks;
			sourceTree = "<group>";
		};
/* End PBXGroup section */

/* Begin PBXNativeTarget section */
		5AB379A724E7DC220069C36D /* swift5LineChatApp1 */ = {
			isa = PBXNativeTarget;
			buildConfigurationList = 5AB379BC24E7DC2A0069C36D /* Build configuration list for PBXNativeTarget "swift5LineChatApp1" */;
			buildPhases = (
				9C32B94702D2024466B89A63 /* [CP] Check Pods Manifest.lock */,
				5AB379A424E7DC220069C36D /* Sources */,
				5AB379A524E7DC220069C36D /* Frameworks */,
				5AB379A624E7DC220069C36D /* Resources */,
				4FEF5061E05A96460914DED5 /* [CP] Embed Pods Frameworks */,
			);
			buildRules = (
			);
			dependencies = (
			);
			name = swift5LineChatApp1;
			productName = swift5LineChatApp1;
			productReference = 5AB379A824E7DC220069C36D /* swift5LineChatApp1.app */;
			productType = "com.apple.product-type.application";
		};
/* End PBXNativeTarget section */

/* Begin PBXProject section */
		5AB379A024E7DC220069C36D /* Project object */ = {
			isa = PBXProject;
			attributes = {
				LastSwiftUpdateCheck = 1160;
				LastUpgradeCheck = 1160;
				ORGANIZATIONNAME = "yuto fukaya";
				TargetAttributes = {
					5AB379A724E7DC220069C36D = {
						CreatedOnToolsVersion = 11.6;
					};
				};
			};
			buildConfigurationList = 5AB379A324E7DC220069C36D /* Build configuration list for PBXProject "swift5LineChatApp1" */;
			compatibilityVersion = "Xcode 9.3";
			developmentRegion = en;
			hasScannedForEncodings = 0;
			knownRegions = (
				en,
				Base,
			);
			mainGroup = 5AB3799F24E7DC220069C36D;
			productRefGroup = 5AB379A924E7DC220069C36D /* Products */;
			projectDirPath = "";
			projectRoot = "";
			targets = (
				5AB379A724E7DC220069C36D /* swift5LineChatApp1 */,
			);
		};
/* End PBXProject section */

/* Begin PBXResourcesBuildPhase section */
		5AB379A624E7DC220069C36D /* Resources */ = {
			isa = PBXResourcesBuildPhase;
			buildActionMask = 2147483647;
			files = (
				5AFB7CBD24E9354B00A56F42 /* UserList.storyboard in Resources */,
				5AB379B824E7DC290069C36D /* LaunchScreen.storyboard in Resources */,
				5AB379C424E7EB630069C36D /* ChatListCell.xib in Resources */,
				5AB379D424E8A8060069C36D /* ChatInputAccessoryView.xib in Resources */,
				5AB379CE24E89D0B0069C36D /* ChatRoomCell.xib in Resources */,
				5AB379B524E7DC290069C36D /* Assets.xcassets in Resources */,
				5AFB7CB424E8D61800A56F42 /* GoogleService-Info.plist in Resources */,
				5AFB7CB824E9292500A56F42 /* SignUp.storyboard in Resources */,
				5AB379B324E7DC230069C36D /* Main.storyboard in Resources */,
			);
			runOnlyForDeploymentPostprocessing = 0;
		};
/* End PBXResourcesBuildPhase section */

/* Begin PBXShellScriptBuildPhase section */
		4FEF5061E05A96460914DED5 /* [CP] Embed Pods Frameworks */ = {
			isa = PBXShellScriptBuildPhase;
			buildActionMask = 2147483647;
			files = (
			);
			inputFileListPaths = (
				"${PODS_ROOT}/Target Support Files/Pods-swift5LineChatApp1/Pods-swift5LineChatApp1-frameworks-${CONFIGURATION}-input-files.xcfilelist",
			);
			name = "[CP] Embed Pods Frameworks";
			outputFileListPaths = (
				"${PODS_ROOT}/Target Support Files/Pods-swift5LineChatApp1/Pods-swift5LineChatApp1-frameworks-${CONFIGURATION}-output-files.xcfilelist",
			);
			runOnlyForDeploymentPostprocessing = 0;
			shellPath = /bin/sh;
			shellScript = "\"${PODS_ROOT}/Target Support Files/Pods-swift5LineChatApp1/Pods-swift5LineChatApp1-frameworks.sh\"\n";
			showEnvVarsInLog = 0;
		};
		9C32B94702D2024466B89A63 /* [CP] Check Pods Manifest.lock */ = {
			isa = PBXShellScriptBuildPhase;
			buildActionMask = 2147483647;
			files = (
			);
			inputFileListPaths = (
			);
			inputPaths = (
				"${PODS_PODFILE_DIR_PATH}/Podfile.lock",
				"${PODS_ROOT}/Manifest.lock",
			);
			name = "[CP] Check Pods Manifest.lock";
			outputFileListPaths = (
			);
			outputPaths = (
				"$(DERIVED_FILE_DIR)/Pods-swift5LineChatApp1-checkManifestLockResult.txt",
			);
			runOnlyForDeploymentPostprocessing = 0;
			shellPath = /bin/sh;
			shellScript = "diff \"${PODS_PODFILE_DIR_PATH}/Podfile.lock\" \"${PODS_ROOT}/Manifest.lock\" > /dev/null\nif [ $? != 0 ] ; then\n    # print error to STDERR\n    echo \"error: The sandbox is not in sync with the Podfile.lock. Run 'pod install' or update your CocoaPods installation.\" >&2\n    exit 1\nfi\n# This output is used by Xcode 'outputs' to avoid re-running this script phase.\necho \"SUCCESS\" > \"${SCRIPT_OUTPUT_FILE_0}\"\n";
			showEnvVarsInLog = 0;
		};
/* End PBXShellScriptBuildPhase section */

/* Begin PBXSourcesBuildPhase section */
		5AB379A424E7DC220069C36D /* Sources */ = {
			isa = PBXSourcesBuildPhase;
			buildActionMask = 2147483647;
			files = (
				5AB379C824E899460069C36D /* ChatRoomViewController.swift in Sources */,
				5AB379C324E7EB630069C36D /* ChatListCell.swift in Sources */,
				5AFB7CB624E8DDB400A56F42 /* SingUpViewController.swift in Sources */,
				5AB379CD24E89D0B0069C36D /* ChatRoomCell.swift in Sources */,
				5AB379C624E895E90069C36D /* UIcolorExtension.swift in Sources */,
				5AFB7CBF24E935A900A56F42 /* UserListViewController.swift in Sources */,
				5AB379B024E7DC230069C36D /* ViewController.swift in Sources */,
				5AB379AC24E7DC230069C36D /* AppDelegate.swift in Sources */,
				5AB379C024E7DF150069C36D /* ChatListViewController.swift in Sources */,
				5AB379AE24E7DC230069C36D /* SceneDelegate.swift in Sources */,
				5AB379D824E8A9C10069C36D /* ChatInputAccessoryView.swift in Sources */,
				5AFB7CBB24E92B6800A56F42 /* User.swift in Sources */,
			);
			runOnlyForDeploymentPostprocessing = 0;
		};
/* End PBXSourcesBuildPhase section */

/* Begin PBXVariantGroup section */
		5AB379B124E7DC230069C36D /* Main.storyboard */ = {
			isa = PBXVariantGroup;
			children = (
				5AB379B224E7DC230069C36D /* Base */,
			);
			name = Main.storyboard;
			sourceTree = "<group>";
		};
		5AB379B624E7DC290069C36D /* LaunchScreen.storyboard */ = {
			isa = PBXVariantGroup;
			children = (
				5AB379B724E7DC290069C36D /* Base */,
			);
			name = LaunchScreen.storyboard;
			sourceTree = "<group>";
		};
/* End PBXVariantGroup section */

/* Begin XCBuildConfiguration section */
		5AB379BA24E7DC2A0069C36D /* Debug */ = {
			isa = XCBuildConfiguration;
			buildSettings = {
				ALWAYS_SEARCH_USER_PATHS = NO;
				CLANG_ANALYZER_NONNULL = YES;
				CLANG_ANALYZER_NUMBER_OBJECT_CONVERSION = YES_AGGRESSIVE;
				CLANG_CXX_LANGUAGE_STANDARD = "gnu++14";
				CLANG_CXX_LIBRARY = "libc++";
				CLANG_ENABLE_MODULES = YES;
				CLANG_ENABLE_OBJC_ARC = YES;
				CLANG_ENABLE_OBJC_WEAK = YES;
				CLANG_WARN_BLOCK_CAPTURE_AUTORELEASING = YES;
				CLANG_WARN_BOOL_CONVERSION = YES;
				CLANG_WARN_COMMA = YES;
				CLANG_WARN_CONSTANT_CONVERSION = YES;
				CLANG_WARN_DEPRECATED_OBJC_IMPLEMENTATIONS = YES;
				CLANG_WARN_DIRECT_OBJC_ISA_USAGE = YES_ERROR;
				CLANG_WARN_DOCUMENTATION_COMMENTS = YES;
				CLANG_WARN_EMPTY_BODY = YES;
				CLANG_WARN_ENUM_CONVERSION = YES;
				CLANG_WARN_INFINITE_RECURSION = YES;
				CLANG_WARN_INT_CONVERSION = YES;
				CLANG_WARN_NON_LITERAL_NULL_CONVERSION = YES;
				CLANG_WARN_OBJC_IMPLICIT_RETAIN_SELF = YES;
				CLANG_WARN_OBJC_LITERAL_CONVERSION = YES;
				CLANG_WARN_OBJC_ROOT_CLASS = YES_ERROR;
				CLANG_WARN_RANGE_LOOP_ANALYSIS = YES;
				CLANG_WARN_STRICT_PROTOTYPES = YES;
				CLANG_WARN_SUSPICIOUS_MOVE = YES;
				CLANG_WARN_UNGUARDED_AVAILABILITY = YES_AGGRESSIVE;
				CLANG_WARN_UNREACHABLE_CODE = YES;
				CLANG_WARN__DUPLICATE_METHOD_MATCH = YES;
				COPY_PHASE_STRIP = NO;
				DEBUG_INFORMATION_FORMAT = dwarf;
				ENABLE_STRICT_OBJC_MSGSEND = YES;
				ENABLE_TESTABILITY = YES;
				GCC_C_LANGUAGE_STANDARD = gnu11;
				GCC_DYNAMIC_NO_PIC = NO;
				GCC_NO_COMMON_BLOCKS = YES;
				GCC_OPTIMIZATION_LEVEL = 0;
				GCC_PREPROCESSOR_DEFINITIONS = (
					"DEBUG=1",
					"$(inherited)",
				);
				GCC_WARN_64_TO_32_BIT_CONVERSION = YES;
				GCC_WARN_ABOUT_RETURN_TYPE = YES_ERROR;
				GCC_WARN_UNDECLARED_SELECTOR = YES;
				GCC_WARN_UNINITIALIZED_AUTOS = YES_AGGRESSIVE;
				GCC_WARN_UNUSED_FUNCTION = YES;
				GCC_WARN_UNUSED_VARIABLE = YES;
				IPHONEOS_DEPLOYMENT_TARGET = 13.6;
				MTL_ENABLE_DEBUG_INFO = INCLUDE_SOURCE;
				MTL_FAST_MATH = YES;
				ONLY_ACTIVE_ARCH = YES;
				SDKROOT = iphoneos;
				SWIFT_ACTIVE_COMPILATION_CONDITIONS = DEBUG;
				SWIFT_OPTIMIZATION_LEVEL = "-Onone";
			};
			name = Debug;
		};
		5AB379BB24E7DC2A0069C36D /* Release */ = {
			isa = XCBuildConfiguration;
			buildSettings = {
				ALWAYS_SEARCH_USER_PATHS = NO;
				CLANG_ANALYZER_NONNULL = YES;
				CLANG_ANALYZER_NUMBER_OBJECT_CONVERSION = YES_AGGRESSIVE;
				CLANG_CXX_LANGUAGE_STANDARD = "gnu++14";
				CLANG_CXX_LIBRARY = "libc++";
				CLANG_ENABLE_MODULES = YES;
				CLANG_ENABLE_OBJC_ARC = YES;
				CLANG_ENABLE_OBJC_WEAK = YES;
				CLANG_WARN_BLOCK_CAPTURE_AUTORELEASING = YES;
				CLANG_WARN_BOOL_CONVERSION = YES;
				CLANG_WARN_COMMA = YES;
				CLANG_WARN_CONSTANT_CONVERSION = YES;
				CLANG_WARN_DEPRECATED_OBJC_IMPLEMENTATIONS = YES;
				CLANG_WARN_DIRECT_OBJC_ISA_USAGE = YES_ERROR;
				CLANG_WARN_DOCUMENTATION_COMMENTS = YES;
				CLANG_WARN_EMPTY_BODY = YES;
				CLANG_WARN_ENUM_CONVERSION = YES;
				CLANG_WARN_INFINITE_RECURSION = YES;
				CLANG_WARN_INT_CONVERSION = YES;
				CLANG_WARN_NON_LITERAL_NULL_CONVERSION = YES;
				CLANG_WARN_OBJC_IMPLICIT_RETAIN_SELF = YES;
				CLANG_WARN_OBJC_LITERAL_CONVERSION = YES;
				CLANG_WARN_OBJC_ROOT_CLASS = YES_ERROR;
				CLANG_WARN_RANGE_LOOP_ANALYSIS = YES;
				CLANG_WARN_STRICT_PROTOTYPES = YES;
				CLANG_WARN_SUSPICIOUS_MOVE = YES;
				CLANG_WARN_UNGUARDED_AVAILABILITY = YES_AGGRESSIVE;
				CLANG_WARN_UNREACHABLE_CODE = YES;
				CLANG_WARN__DUPLICATE_METHOD_MATCH = YES;
				COPY_PHASE_STRIP = NO;
				DEBUG_INFORMATION_FORMAT = "dwarf-with-dsym";
				ENABLE_NS_ASSERTIONS = NO;
				ENABLE_STRICT_OBJC_MSGSEND = YES;
				GCC_C_LANGUAGE_STANDARD = gnu11;
				GCC_NO_COMMON_BLOCKS = YES;
				GCC_WARN_64_TO_32_BIT_CONVERSION = YES;
				GCC_WARN_ABOUT_RETURN_TYPE = YES_ERROR;
				GCC_WARN_UNDECLARED_SELECTOR = YES;
				GCC_WARN_UNINITIALIZED_AUTOS = YES_AGGRESSIVE;
				GCC_WARN_UNUSED_FUNCTION = YES;
				GCC_WARN_UNUSED_VARIABLE = YES;
				IPHONEOS_DEPLOYMENT_TARGET = 13.6;
				MTL_ENABLE_DEBUG_INFO = NO;
				MTL_FAST_MATH = YES;
				SDKROOT = iphoneos;
				SWIFT_COMPILATION_MODE = wholemodule;
				SWIFT_OPTIMIZATION_LEVEL = "-O";
				VALIDATE_PRODUCT = YES;
			};
			name = Release;
		};
		5AB379BD24E7DC2A0069C36D /* Debug */ = {
			isa = XCBuildConfiguration;
			baseConfigurationReference = F13AFF897246B912B3A356EB /* Pods-swift5LineChatApp1.debug.xcconfig */;
			buildSettings = {
				ASSETCATALOG_COMPILER_APPICON_NAME = AppIcon;
				CODE_SIGN_STYLE = Automatic;
				DEVELOPMENT_TEAM = LBBY2QM42G;
				INFOPLIST_FILE = swift5LineChatApp1/Info.plist;
				LD_RUNPATH_SEARCH_PATHS = (
					"$(inherited)",
					"@executable_path/Frameworks",
				);
				PRODUCT_BUNDLE_IDENTIFIER = com.fukaya.swift5LineChatApp1;
				PRODUCT_NAME = "$(TARGET_NAME)";
				SWIFT_VERSION = 5.0;
				TARGETED_DEVICE_FAMILY = 1;
			};
			name = Debug;
		};
		5AB379BE24E7DC2A0069C36D /* Release */ = {
			isa = XCBuildConfiguration;
			baseConfigurationReference = 71EAE6CF2FF139E2878F1F72 /* Pods-swift5LineChatApp1.release.xcconfig */;
			buildSettings = {
				ASSETCATALOG_COMPILER_APPICON_NAME = AppIcon;
				CODE_SIGN_STYLE = Automatic;
				DEVELOPMENT_TEAM = LBBY2QM42G;
				INFOPLIST_FILE = swift5LineChatApp1/Info.plist;
				LD_RUNPATH_SEARCH_PATHS = (
					"$(inherited)",
					"@executable_path/Frameworks",
				);
				PRODUCT_BUNDLE_IDENTIFIER = com.fukaya.swift5LineChatApp1;
				PRODUCT_NAME = "$(TARGET_NAME)";
				SWIFT_VERSION = 5.0;
				TARGETED_DEVICE_FAMILY = 1;
			};
			name = Release;
		};
/* End XCBuildConfiguration section */

/* Begin XCConfigurationList section */
		5AB379A324E7DC220069C36D /* Build configuration list for PBXProject "swift5LineChatApp1" */ = {
			isa = XCConfigurationList;
			buildConfigurations = (
				5AB379BA24E7DC2A0069C36D /* Debug */,
				5AB379BB24E7DC2A0069C36D /* Release */,
			);
			defaultConfigurationIsVisible = 0;
			defaultConfigurationName = Release;
		};
		5AB379BC24E7DC2A0069C36D /* Build configuration list for PBXNativeTarget "swift5LineChatApp1" */ = {
			isa = XCConfigurationList;
			buildConfigurations = (
				5AB379BD24E7DC2A0069C36D /* Debug */,
				5AB379BE24E7DC2A0069C36D /* Release */,
			);
			defaultConfigurationIsVisible = 0;
			defaultConfigurationName = Release;
		};
/* End XCConfigurationList section */
	};
	rootObject = 5AB379A024E7DC220069C36D /* Project object */;
}
